
Microsoft Visual Studio Solution File, Format Version 12.00
# Visual Studio Version 17
VisualStudioVersion = 17.9.34622.214
MinimumVisualStudioVersion = 10.0.40219.1
Project("{FAE04EC0-301F-11D3-BF4B-00C04F79EFBC}") = "act 2", "act 2\act 2.csproj", "{BD88363C-D4C8-40A1-AC22-5C3DCC57D5E3}"
EndProject
Global
	GlobalSection(SolutionConfigurationPlatforms) = preSolution
		Debug|Any CPU = Debug|Any CPU
		Release|Any CPU = Release|Any CPU
	EndGlobalSection
	GlobalSection(ProjectConfigurationPlatforms) = postSolution
		{BD88363C-D4C8-40A1-AC22-5C3DCC57D5E3}.Debug|Any CPU.ActiveCfg = Debug|Any CPU
		{BD88363C-D4C8-40A1-AC22-5C3DCC57D5E3}.Debug|Any CPU.Build.0 = Debug|Any CPU
		{BD88363C-D4C8-40A1-AC22-5C3DCC57D5E3}.Release|Any CPU.ActiveCfg = Release|Any CPU
		{BD88363C-D4C8-40A1-AC22-5C3DCC57D5E3}.Release|Any CPU.Build.0 = Release|Any CPU
	EndGlobalSection
	GlobalSection(SolutionProperties) = preSolution
		HideSolutionNode = FALSE
	EndGlobalSection
	GlobalSection(ExtensibilityGlobals) = postSolution
		SolutionGuid = {D7F6674E-0F2A-4B9F-B136-CAF182F1BA2E}
	EndGlobalSection
EndGlobal
